
Microsoft Visual Studio Solution File, Format Version 12.00
# Visual Studio Version 17
VisualStudioVersion = 17.7.34202.233
MinimumVisualStudioVersion = 10.0.40219.1
Project("{2150E333-8FDC-42A3-9474-1A3956D46DE8}") = "Backend", "Backend", "{3DFE6041-1D4F-4294-B2D9-BC70A160573D}"
EndProject
Project("{2150E333-8FDC-42A3-9474-1A3956D46DE8}") = "Frontend", "Frontend", "{6EDC295B-76DA-4615-B4FA-4C3AF3FD8709}"
EndProject
Project("{FAE04EC0-301F-11D3-BF4B-00C04F79EFBC}") = "WebApi", "Backend\WebApi\WebApi.csproj", "{BFF8079A-CE82-4106-94BC-971ADBEB15D0}"
EndProject
Project("{FAE04EC0-301F-11D3-BF4B-00C04F79EFBC}") = "EntityLayer", "Backend\EntityLayer\EntityLayer.csproj", "{6DDEC387-27E8-4BC3-81C4-6D34D69B4F65}"
EndProject
Project("{FAE04EC0-301F-11D3-BF4B-00C04F79EFBC}") = "DataAccessLayer", "Backend\DataAccessLayer\DataAccessLayer.csproj", "{709AFF8C-27AB-43C5-9A44-775B4C280280}"
EndProject
Project("{FAE04EC0-301F-11D3-BF4B-00C04F79EFBC}") = "BusinessLayer", "Backend\BusinessLayer\BusinessLayer.csproj", "{01049BF6-906E-442C-816A-1585F2AB38DD}"
EndProject
Project("{FAE04EC0-301F-11D3-BF4B-00C04F79EFBC}") = "DTOLayer", "Backend\DTOLayer\DTOLayer.csproj", "{767BA7FC-E9C4-4A8C-9D92-FD71DEABE3BD}"
EndProject
Project("{FAE04EC0-301F-11D3-BF4B-00C04F79EFBC}") = "CommonLayer", "Backend\CommonLayer\CommonLayer.csproj", "{BCAC0F53-CE5E-4F32-A848-221B3B6FED66}"
EndProject
Project("{FAE04EC0-301F-11D3-BF4B-00C04F79EFBC}") = "MVCUI", "Frontend\MVCUI\MVCUI.csproj", "{EF70F6BA-562D-4B0C-8087-C53336F77901}"
EndProject
Global
	GlobalSection(SolutionConfigurationPlatforms) = preSolution
		Debug|Any CPU = Debug|Any CPU
		Release|Any CPU = Release|Any CPU
	EndGlobalSection
	GlobalSection(ProjectConfigurationPlatforms) = postSolution
		{BFF8079A-CE82-4106-94BC-971ADBEB15D0}.Debug|Any CPU.ActiveCfg = Debug|Any CPU
		{BFF8079A-CE82-4106-94BC-971ADBEB15D0}.Debug|Any CPU.Build.0 = Debug|Any CPU
		{BFF8079A-CE82-4106-94BC-971ADBEB15D0}.Release|Any CPU.ActiveCfg = Release|Any CPU
		{BFF8079A-CE82-4106-94BC-971ADBEB15D0}.Release|Any CPU.Build.0 = Release|Any CPU
		{6DDEC387-27E8-4BC3-81C4-6D34D69B4F65}.Debug|Any CPU.ActiveCfg = Debug|Any CPU
		{6DDEC387-27E8-4BC3-81C4-6D34D69B4F65}.Debug|Any CPU.Build.0 = Debug|Any CPU
		{6DDEC387-27E8-4BC3-81C4-6D34D69B4F65}.Release|Any CPU.ActiveCfg = Release|Any CPU
		{6DDEC387-27E8-4BC3-81C4-6D34D69B4F65}.Release|Any CPU.Build.0 = Release|Any CPU
		{709AFF8C-27AB-43C5-9A44-775B4C280280}.Debug|Any CPU.ActiveCfg = Debug|Any CPU
		{709AFF8C-27AB-43C5-9A44-775B4C280280}.Debug|Any CPU.Build.0 = Debug|Any CPU
		{709AFF8C-27AB-43C5-9A44-775B4C280280}.Release|Any CPU.ActiveCfg = Release|Any CPU
		{709AFF8C-27AB-43C5-9A44-775B4C280280}.Release|Any CPU.Build.0 = Release|Any CPU
		{01049BF6-906E-442C-816A-1585F2AB38DD}.Debug|Any CPU.ActiveCfg = Debug|Any CPU
		{01049BF6-906E-442C-816A-1585F2AB38DD}.Debug|Any CPU.Build.0 = Debug|Any CPU
		{01049BF6-906E-442C-816A-1585F2AB38DD}.Release|Any CPU.ActiveCfg = Release|Any CPU
		{01049BF6-906E-442C-816A-1585F2AB38DD}.Release|Any CPU.Build.0 = Release|Any CPU
		{767BA7FC-E9C4-4A8C-9D92-FD71DEABE3BD}.Debug|Any CPU.ActiveCfg = Debug|Any CPU
		{767BA7FC-E9C4-4A8C-9D92-FD71DEABE3BD}.Debug|Any CPU.Build.0 = Debug|Any CPU
		{767BA7FC-E9C4-4A8C-9D92-FD71DEABE3BD}.Release|Any CPU.ActiveCfg = Release|Any CPU
		{767BA7FC-E9C4-4A8C-9D92-FD71DEABE3BD}.Release|Any CPU.Build.0 = Release|Any CPU
		{BCAC0F53-CE5E-4F32-A848-221B3B6FED66}.Debug|Any CPU.ActiveCfg = Debug|Any CPU
		{BCAC0F53-CE5E-4F32-A848-221B3B6FED66}.Debug|Any CPU.Build.0 = Debug|Any CPU
		{BCAC0F53-CE5E-4F32-A848-221B3B6FED66}.Release|Any CPU.ActiveCfg = Release|Any CPU
		{BCAC0F53-CE5E-4F32-A848-221B3B6FED66}.Release|Any CPU.Build.0 = Release|Any CPU
		{EF70F6BA-562D-4B0C-8087-C53336F77901}.Debug|Any CPU.ActiveCfg = Debug|Any CPU
		{EF70F6BA-562D-4B0C-8087-C53336F77901}.Debug|Any CPU.Build.0 = Debug|Any CPU
		{EF70F6BA-562D-4B0C-8087-C53336F77901}.Release|Any CPU.ActiveCfg = Release|Any CPU
		{EF70F6BA-562D-4B0C-8087-C53336F77901}.Release|Any CPU.Build.0 = Release|Any CPU
	EndGlobalSection
	GlobalSection(SolutionProperties) = preSolution
		HideSolutionNode = FALSE
	EndGlobalSection
	GlobalSection(NestedProjects) = preSolution
		{BFF8079A-CE82-4106-94BC-971ADBEB15D0} = {3DFE6041-1D4F-4294-B2D9-BC70A160573D}
		{6DDEC387-27E8-4BC3-81C4-6D34D69B4F65} = {3DFE6041-1D4F-4294-B2D9-BC70A160573D}
		{709AFF8C-27AB-43C5-9A44-775B4C280280} = {3DFE6041-1D4F-4294-B2D9-BC70A160573D}
		{01049BF6-906E-442C-816A-1585F2AB38DD} = {3DFE6041-1D4F-4294-B2D9-BC70A160573D}
		{767BA7FC-E9C4-4A8C-9D92-FD71DEABE3BD} = {3DFE6041-1D4F-4294-B2D9-BC70A160573D}
		{BCAC0F53-CE5E-4F32-A848-221B3B6FED66} = {3DFE6041-1D4F-4294-B2D9-BC70A160573D}
		{EF70F6BA-562D-4B0C-8087-C53336F77901} = {6EDC295B-76DA-4615-B4FA-4C3AF3FD8709}
	EndGlobalSection
	GlobalSection(ExtensibilityGlobals) = postSolution
		SolutionGuid = {F1F14C6B-F5CB-4A16-9F9D-74A3739A8E26}
	EndGlobalSection
EndGlobal
